{
  "name": "as",
  "version": "1.0.0",
  "lockfileVersion": 1,
  "requires": true,
  "dependencies": {
    "as-wasi": {
      "version": "0.0.1",
      "resolved": "http://engci-maven.cisco.com/artifactory/api/npm/vms-npm/as-wasi/-/as-wasi-0.0.1.tgz",
      "integrity": "sha1-J3r8khW5wCYDGAS7Qu+cmzC4yRE="
    },
    "assemblyscript": {
      "version": "0.9.4",
      "resolved": "http://engci-maven.cisco.com/artifactory/api/npm/vms-npm/assemblyscript/-/assemblyscript-0.9.4.tgz",
      "integrity": "sha1-1TWtbpKZydO5iB/wjDEBKY1Tyxo=",
      "dev": true,
      "requires": {
        "binaryen": "91.0.0-nightly.20200310",
        "long": "^4.0.0"
      }
    },
    "binaryen": {
      "version": "91.0.0-nightly.20200310",
      "resolved": "http://engci-maven.cisco.com/artifactory/api/npm/vms-npm/binaryen/-/binaryen-91.0.0-nightly.20200310.tgz",
      "integrity": "sha1-8sYAIP7x+1rA5Da5oOAbJcSEwLQ=",
      "dev": true
    },
    "long": {
      "version": "4.0.0",
      "resolved": "http://engci-maven.cisco.com/artifactory/api/npm/vms-npm/long/-/long-4.0.0.tgz",
      "integrity": "sha1-mntxz7fTYaGU6lVSQckvdGjVvyg=",
      "dev": true
    }
  }
}
